
Microsoft Visual Studio Solution File, Format Version 12.00
# Visual Studio Version 17
VisualStudioVersion = 17.7.34003.232
MinimumVisualStudioVersion = 10.0.40219.1
Project("{FAE04EC0-301F-11D3-BF4B-00C04F79EFBC}") = "Vivero_GUI", "Vivero_GUI\Vivero_GUI.csproj", "{20AED3CA-2654-4A9A-9BDD-E8B1EA804E56}"
EndProject
Global
	GlobalSection(SolutionConfigurationPlatforms) = preSolution
		Debug|Any CPU = Debug|Any CPU
		Release|Any CPU = Release|Any CPU
	EndGlobalSection
	GlobalSection(ProjectConfigurationPlatforms) = postSolution
		{20AED3CA-2654-4A9A-9BDD-E8B1EA804E56}.Debug|Any CPU.ActiveCfg = Debug|Any CPU
		{20AED3CA-2654-4A9A-9BDD-E8B1EA804E56}.Debug|Any CPU.Build.0 = Debug|Any CPU
		{20AED3CA-2654-4A9A-9BDD-E8B1EA804E56}.Release|Any CPU.ActiveCfg = Release|Any CPU
		{20AED3CA-2654-4A9A-9BDD-E8B1EA804E56}.Release|Any CPU.Build.0 = Release|Any CPU
	EndGlobalSection
	GlobalSection(SolutionProperties) = preSolution
		HideSolutionNode = FALSE
	EndGlobalSection
	GlobalSection(ExtensibilityGlobals) = postSolution
		SolutionGuid = {5CDED187-C8F0-47D6-B508-5CD0C7CB80E7}
	EndGlobalSection
EndGlobal
